
Microsoft Visual Studio Solution File, Format Version 12.00
# Visual Studio Version 17
VisualStudioVersion = 17.10.35027.167
MinimumVisualStudioVersion = 10.0.40219.1
Project("{FAE04EC0-301F-11D3-BF4B-00C04F79EFBC}") = "TeachersApp", "TeachersApp\TeachersApp.csproj", "{477764CC-2C01-4A22-AB6B-81BB9214A330}"
EndProject
Project("{FAE04EC0-301F-11D3-BF4B-00C04F79EFBC}") = "TeachersApp.Entity", "TeachersApp.Entity\TeachersApp.Entity.csproj", "{5AD384B1-6F98-4A04-A5D0-7CB82E2DCDD0}"
EndProject
Project("{FAE04EC0-301F-11D3-BF4B-00C04F79EFBC}") = "TeachersApp.Services", "TeachersApp.Services\TeachersApp.Services.csproj", "{90132760-4DBE-4029-A4FB-FC05D42C60E7}"
EndProject
Global
	GlobalSection(SolutionConfigurationPlatforms) = preSolution
		Debug|Any CPU = Debug|Any CPU
		Release|Any CPU = Release|Any CPU
	EndGlobalSection
	GlobalSection(ProjectConfigurationPlatforms) = postSolution
		{477764CC-2C01-4A22-AB6B-81BB9214A330}.Debug|Any CPU.ActiveCfg = Debug|Any CPU
		{477764CC-2C01-4A22-AB6B-81BB9214A330}.Debug|Any CPU.Build.0 = Debug|Any CPU
		{477764CC-2C01-4A22-AB6B-81BB9214A330}.Release|Any CPU.ActiveCfg = Release|Any CPU
		{477764CC-2C01-4A22-AB6B-81BB9214A330}.Release|Any CPU.Build.0 = Release|Any CPU
		{5AD384B1-6F98-4A04-A5D0-7CB82E2DCDD0}.Debug|Any CPU.ActiveCfg = Debug|Any CPU
		{5AD384B1-6F98-4A04-A5D0-7CB82E2DCDD0}.Debug|Any CPU.Build.0 = Debug|Any CPU
		{5AD384B1-6F98-4A04-A5D0-7CB82E2DCDD0}.Release|Any CPU.ActiveCfg = Release|Any CPU
		{5AD384B1-6F98-4A04-A5D0-7CB82E2DCDD0}.Release|Any CPU.Build.0 = Release|Any CPU
		{90132760-4DBE-4029-A4FB-FC05D42C60E7}.Debug|Any CPU.ActiveCfg = Debug|Any CPU
		{90132760-4DBE-4029-A4FB-FC05D42C60E7}.Debug|Any CPU.Build.0 = Debug|Any CPU
		{90132760-4DBE-4029-A4FB-FC05D42C60E7}.Release|Any CPU.ActiveCfg = Release|Any CPU
		{90132760-4DBE-4029-A4FB-FC05D42C60E7}.Release|Any CPU.Build.0 = Release|Any CPU
	EndGlobalSection
	GlobalSection(SolutionProperties) = preSolution
		HideSolutionNode = FALSE
	EndGlobalSection
	GlobalSection(ExtensibilityGlobals) = postSolution
		SolutionGuid = {009BC531-9FC3-4223-A274-2D8FC746CE1D}
	EndGlobalSection
EndGlobal
